
Microsoft Visual Studio Solution File, Format Version 12.00
# Visual Studio Version 17
VisualStudioVersion = 17.9.34607.119
MinimumVisualStudioVersion = 10.0.40219.1
Project("{9A19103F-16F7-4668-BE54-9A1E7A4F7556}") = "SessionsProgram", "SessionsProgram.csproj", "{1A1AB150-2C76-4D2E-BAF0-C5E76FF158E2}"
EndProject
Project("{9A19103F-16F7-4668-BE54-9A1E7A4F7556}") = "SeccionsProgamAPI", "SeccionsProgamAPI\SeccionsProgamAPI.csproj", "{2FE52FD1-5345-495D-A5A9-F4B9E9CE6549}"
EndProject
Project("{9A19103F-16F7-4668-BE54-9A1E7A4F7556}") = "Core", "Core\Core.csproj", "{BA625BE4-22FA-480D-ADC0-7C142F147EC9}"
EndProject
Global
	GlobalSection(SolutionConfigurationPlatforms) = preSolution
		Debug|Any CPU = Debug|Any CPU
		Release|Any CPU = Release|Any CPU
	EndGlobalSection
	GlobalSection(ProjectConfigurationPlatforms) = postSolution
		{1A1AB150-2C76-4D2E-BAF0-C5E76FF158E2}.Debug|Any CPU.ActiveCfg = Debug|Any CPU
		{1A1AB150-2C76-4D2E-BAF0-C5E76FF158E2}.Debug|Any CPU.Build.0 = Debug|Any CPU
		{1A1AB150-2C76-4D2E-BAF0-C5E76FF158E2}.Release|Any CPU.ActiveCfg = Release|Any CPU
		{1A1AB150-2C76-4D2E-BAF0-C5E76FF158E2}.Release|Any CPU.Build.0 = Release|Any CPU
		{2FE52FD1-5345-495D-A5A9-F4B9E9CE6549}.Debug|Any CPU.ActiveCfg = Debug|Any CPU
		{2FE52FD1-5345-495D-A5A9-F4B9E9CE6549}.Debug|Any CPU.Build.0 = Debug|Any CPU
		{2FE52FD1-5345-495D-A5A9-F4B9E9CE6549}.Release|Any CPU.ActiveCfg = Release|Any CPU
		{2FE52FD1-5345-495D-A5A9-F4B9E9CE6549}.Release|Any CPU.Build.0 = Release|Any CPU
		{BA625BE4-22FA-480D-ADC0-7C142F147EC9}.Debug|Any CPU.ActiveCfg = Debug|Any CPU
		{BA625BE4-22FA-480D-ADC0-7C142F147EC9}.Debug|Any CPU.Build.0 = Debug|Any CPU
		{BA625BE4-22FA-480D-ADC0-7C142F147EC9}.Release|Any CPU.ActiveCfg = Release|Any CPU
		{BA625BE4-22FA-480D-ADC0-7C142F147EC9}.Release|Any CPU.Build.0 = Release|Any CPU
	EndGlobalSection
	GlobalSection(SolutionProperties) = preSolution
		HideSolutionNode = FALSE
	EndGlobalSection
	GlobalSection(ExtensibilityGlobals) = postSolution
		SolutionGuid = {D68D7F8F-67F9-49DB-B6DF-71AD0F805C8F}
	EndGlobalSection
EndGlobal
